
Microsoft Visual Studio Solution File, Format Version 12.00
# Visual Studio Version 17
VisualStudioVersion = 17.7.34031.279
MinimumVisualStudioVersion = 10.0.40219.1
Project("{FAE04EC0-301F-11D3-BF4B-00C04F79EFBC}") = "Ejercicio2", "Ejercicio2.csproj", "{9E3DFE6F-1459-4B78-A6C3-9560B345E49D}"
EndProject
Global
	GlobalSection(SolutionConfigurationPlatforms) = preSolution
		Debug|Any CPU = Debug|Any CPU
		Release|Any CPU = Release|Any CPU
	EndGlobalSection
	GlobalSection(ProjectConfigurationPlatforms) = postSolution
		{9E3DFE6F-1459-4B78-A6C3-9560B345E49D}.Debug|Any CPU.ActiveCfg = Debug|Any CPU
		{9E3DFE6F-1459-4B78-A6C3-9560B345E49D}.Debug|Any CPU.Build.0 = Debug|Any CPU
		{9E3DFE6F-1459-4B78-A6C3-9560B345E49D}.Release|Any CPU.ActiveCfg = Release|Any CPU
		{9E3DFE6F-1459-4B78-A6C3-9560B345E49D}.Release|Any CPU.Build.0 = Release|Any CPU
	EndGlobalSection
	GlobalSection(SolutionProperties) = preSolution
		HideSolutionNode = FALSE
	EndGlobalSection
	GlobalSection(ExtensibilityGlobals) = postSolution
		SolutionGuid = {433C70CD-FD6A-43ED-999F-EA73583D4FAD}
	EndGlobalSection
EndGlobal
